
Microsoft Visual Studio Solution File, Format Version 12.00
# Visual Studio Version 16
VisualStudioVersion = 16.0.31005.135
MinimumVisualStudioVersion = 10.0.40219.1
Project("{FAE04EC0-301F-11D3-BF4B-00C04F79EFBC}") = "CSharp Console Game", "CSharp Console Game\CSharp Console Game.csproj", "{F7F62F0A-A941-4740-8224-D7F2AFD18973}"
EndProject
Global
	GlobalSection(SolutionConfigurationPlatforms) = preSolution
		Debug|Any CPU = Debug|Any CPU
		Release|Any CPU = Release|Any CPU
	EndGlobalSection
	GlobalSection(ProjectConfigurationPlatforms) = postSolution
		{F7F62F0A-A941-4740-8224-D7F2AFD18973}.Debug|Any CPU.ActiveCfg = Debug|Any CPU
		{F7F62F0A-A941-4740-8224-D7F2AFD18973}.Debug|Any CPU.Build.0 = Debug|Any CPU
		{F7F62F0A-A941-4740-8224-D7F2AFD18973}.Release|Any CPU.ActiveCfg = Release|Any CPU
		{F7F62F0A-A941-4740-8224-D7F2AFD18973}.Release|Any CPU.Build.0 = Release|Any CPU
	EndGlobalSection
	GlobalSection(SolutionProperties) = preSolution
		HideSolutionNode = FALSE
	EndGlobalSection
	GlobalSection(ExtensibilityGlobals) = postSolution
		SolutionGuid = {9BC0B09A-E4DC-4736-9099-7085B44A6E40}
	EndGlobalSection
EndGlobal
